
Microsoft Visual Studio Solution File, Format Version 12.00
# Visual Studio Version 17
VisualStudioVersion = 17.11.35327.3
MinimumVisualStudioVersion = 10.0.40219.1
Project("{8BC9CEB8-8B4A-11D0-8D11-00A0C91BC942}") = "Sandbox", "Sandbox\Sandbox.vcxproj", "{CC9405A2-2547-41E9-8C2B-5609FF83664D}"
EndProject
Project("{8BC9CEB8-8B4A-11D0-8D11-00A0C91BC942}") = "Daedalus-Core", "Daedalus-Core\Daedalus-Core.vcxproj", "{5A83A5F0-A4DD-4007-9B9E-07430631142E}"
EndProject
Global
	GlobalSection(SolutionConfigurationPlatforms) = preSolution
		Debug|x64 = Debug|x64
		Release|x64 = Release|x64
	EndGlobalSection
	GlobalSection(ProjectConfigurationPlatforms) = postSolution
		{5A83A5F0-A4DD-4007-9B9E-07430631142E}.Debug|x64.ActiveCfg = Debug|x64
		{5A83A5F0-A4DD-4007-9B9E-07430631142E}.Debug|x64.Build.0 = Debug|x64
		{5A83A5F0-A4DD-4007-9B9E-07430631142E}.Release|x64.ActiveCfg = Release|x64
		{5A83A5F0-A4DD-4007-9B9E-07430631142E}.Release|x64.Build.0 = Release|x64
		{CC9405A2-2547-41E9-8C2B-5609FF83664D}.Debug|x64.ActiveCfg = Debug|x64
		{CC9405A2-2547-41E9-8C2B-5609FF83664D}.Debug|x64.Build.0 = Debug|x64
		{CC9405A2-2547-41E9-8C2B-5609FF83664D}.Release|x64.ActiveCfg = Release|x64
		{CC9405A2-2547-41E9-8C2B-5609FF83664D}.Release|x64.Build.0 = Release|x64
	EndGlobalSection
	GlobalSection(SolutionProperties) = preSolution
		HideSolutionNode = FALSE
	EndGlobalSection
	GlobalSection(ExtensibilityGlobals) = postSolution
		SolutionGuid = {DEC79EED-C8C3-4D60-8DAB-73CC1D959110}
	EndGlobalSection
EndGlobal
